{
    "requires": true,
    "lockfileVersion": 1,
    "dependencies": {
        "ngx-toastr": {
            "version": "11.2.0",
            "resolved": "https://registry.npmjs.org/ngx-toastr/-/ngx-toastr-11.2.0.tgz",
            "integrity": "sha512-f3iqn9PGxbSQv4DwGjCwzIaCC2iBlhb5C4BA/KXQaf3V11oPta39u/hE+W9d6lRmEROOD/h6/Jlli1F0s4wA1g==",
            "requires": {
                "tslib": "^1.9.0"
            }
        },
        "sweetalert2": {
            "version": "9.1.5",
            "resolved": "https://registry.npmjs.org/sweetalert2/-/sweetalert2-9.1.5.tgz",
            "integrity": "sha512-lxOu3+sZeYbUiz/O1B2CJnraD2cF8DgdRh/NLW7ZZAt1Ultzny3qRx1fMKWrWvEjTe0wkELMrVlk/nBw23Vn3Q=="
        },
        "tslib": {
            "version": "1.10.0",
            "resolved": "https://registry.npmjs.org/tslib/-/tslib-1.10.0.tgz",
            "integrity": "sha512-qOebF53frne81cf0S9B41ByenJ3/IuH8yJKngAX35CmiZySA0khhkovshKK+jGCaMnVomla7gVlIcc3EvKPbTQ=="
        }
    }
}
